// !$*UTF8*$!
{
	archiveVersion = 1;
	classes = {
	};
	objectVersion = 55;
	objects = {

/* Begin PBXBuildFile section */
		6B1DAA06280FF02500BD3091 /* TransactionsList.swift in Sources */ = {isa = PBXBuildFile; fileRef = 6B1DAA05280FF02500BD3091 /* TransactionsList.swift */; };
		6B1DAA09280FFB3700BD3091 /* Helpers.swift in Sources */ = {isa = PBXBuildFile; fileRef = 6B1DAA08280FFB3700BD3091 /* Helpers.swift */; };
		6B1DAA0D280FFE2000BD3091 /* Transactions.json in Resources */ = {isa = PBXBuildFile; fileRef = 6B1DAA0C280FFE2000BD3091 /* Transactions.json */; };
		6B4F293A2812CF9100F3F8B5 /* KeyBoardHandler.swift in Sources */ = {isa = PBXBuildFile; fileRef = 6B4F29392812CF9100F3F8B5 /* KeyBoardHandler.swift */; };
		6B4F293C2813D88900F3F8B5 /* CustomProgressView.swift in Sources */ = {isa = PBXBuildFile; fileRef = 6B4F293B2813D88900F3F8B5 /* CustomProgressView.swift */; };
		6BAF288F280FDDF3003B4599 /* TransactionFetcherTwoApp.swift in Sources */ = {isa = PBXBuildFile; fileRef = 6BAF288E280FDDF3003B4599 /* TransactionFetcherTwoApp.swift */; };
		6BAF2891280FDDF3003B4599 /* ContentView.swift in Sources */ = {isa = PBXBuildFile; fileRef = 6BAF2890280FDDF3003B4599 /* ContentView.swift */; };
		6BAF2893280FDDF5003B4599 /* Assets.xcassets in Resources */ = {isa = PBXBuildFile; fileRef = 6BAF2892280FDDF5003B4599 /* Assets.xcassets */; };
		6BAF2896280FDDF5003B4599 /* Preview Assets.xcassets in Resources */ = {isa = PBXBuildFile; fileRef = 6BAF2895280FDDF5003B4599 /* Preview Assets.xcassets */; };
		6BAF28A2280FDE50003B4599 /* Network.swift in Sources */ = {isa = PBXBuildFile; fileRef = 6BAF289D280FDE50003B4599 /* Network.swift */; };
		6BAF28A4280FDE50003B4599 /* TransactionResponse.swift in Sources */ = {isa = PBXBuildFile; fileRef = 6BAF28A0280FDE50003B4599 /* TransactionResponse.swift */; };
		6BAF28A5280FDE50003B4599 /* Transaction.swift in Sources */ = {isa = PBXBuildFile; fileRef = 6BAF28A1280FDE50003B4599 /* Transaction.swift */; };
		6BAF28A9280FE203003B4599 /* ModelData.swift in Sources */ = {isa = PBXBuildFile; fileRef = 6BAF28A8280FE203003B4599 /* ModelData.swift */; };
		6BAF28AC280FE2AC003B4599 /* TransactionRow.swift in Sources */ = {isa = PBXBuildFile; fileRef = 6BAF28AB280FE2AC003B4599 /* TransactionRow.swift */; };
		6BFE0ECF29A2044900015639 /* Main.xcdatamodeld in Sources */ = {isa = PBXBuildFile; fileRef = 6BFE0ECD29A2044900015639 /* Main.xcdatamodeld */; };
		6BFE0ED129A2055C00015639 /* PersistenceController.swift in Sources */ = {isa = PBXBuildFile; fileRef = 6BFE0ED029A2055C00015639 /* PersistenceController.swift */; };
		6BFE0ED329A2366800015639 /* SomeTransaction.swift in Sources */ = {isa = PBXBuildFile; fileRef = 6BFE0ED229A2366800015639 /* SomeTransaction.swift */; };
/* End PBXBuildFile section */

/* Begin PBXFileReference section */
		6B1DAA05280FF02500BD3091 /* TransactionsList.swift */ = {isa = PBXFileReference; lastKnownFileType = sourcecode.swift; path = TransactionsList.swift; sourceTree = "<group>"; };
		6B1DAA08280FFB3700BD3091 /* Helpers.swift */ = {isa = PBXFileReference; lastKnownFileType = sourcecode.swift; path = Helpers.swift; sourceTree = "<group>"; };
		6B1DAA0C280FFE2000BD3091 /* Transactions.json */ = {isa = PBXFileReference; fileEncoding = 4; lastKnownFileType = text.json; path = Transactions.json; sourceTree = "<group>"; };
		6B4F29392812CF9100F3F8B5 /* KeyBoardHandler.swift */ = {isa = PBXFileReference; lastKnownFileType = sourcecode.swift; path = KeyBoardHandler.swift; sourceTree = "<group>"; };
		6B4F293B2813D88900F3F8B5 /* CustomProgressView.swift */ = {isa = PBXFileReference; lastKnownFileType = sourcecode.swift; path = CustomProgressView.swift; sourceTree = "<group>"; };
		6BAF288B280FDDF3003B4599 /* TransactionFetcherTwo.app */ = {isa = PBXFileReference; explicitFileType = wrapper.application; includeInIndex = 0; path = TransactionFetcherTwo.app; sourceTree = BUILT_PRODUCTS_DIR; };
		6BAF288E280FDDF3003B4599 /* TransactionFetcherTwoApp.swift */ = {isa = PBXFileReference; lastKnownFileType = sourcecode.swift; path = TransactionFetcherTwoApp.swift; sourceTree = "<group>"; };
		6BAF2890280FDDF3003B4599 /* ContentView.swift */ = {isa = PBXFileReference; lastKnownFileType = sourcecode.swift; path = ContentView.swift; sourceTree = "<group>"; };
		6BAF2892280FDDF5003B4599 /* Assets.xcassets */ = {isa = PBXFileReference; lastKnownFileType = folder.assetcatalog; path = Assets.xcassets; sourceTree = "<group>"; };
		6BAF2895280FDDF5003B4599 /* Preview Assets.xcassets */ = {isa = PBXFileReference; lastKnownFileType = folder.assetcatalog; path = "Preview Assets.xcassets"; sourceTree = "<group>"; };
		6BAF289D280FDE50003B4599 /* Network.swift */ = {isa = PBXFileReference; fileEncoding = 4; lastKnownFileType = sourcecode.swift; path = Network.swift; sourceTree = "<group>"; };
		6BAF28A0280FDE50003B4599 /* TransactionResponse.swift */ = {isa = PBXFileReference; fileEncoding = 4; lastKnownFileType = sourcecode.swift; path = TransactionResponse.swift; sourceTree = "<group>"; };
		6BAF28A1280FDE50003B4599 /* Transaction.swift */ = {isa = PBXFileReference; fileEncoding = 4; lastKnownFileType = sourcecode.swift; path = Transaction.swift; sourceTree = "<group>"; };
		6BAF28A8280FE203003B4599 /* ModelData.swift */ = {isa = PBXFileReference; lastKnownFileType = sourcecode.swift; path = ModelData.swift; sourceTree = "<group>"; };
		6BAF28AB280FE2AC003B4599 /* TransactionRow.swift */ = {isa = PBXFileReference; lastKnownFileType = sourcecode.swift; path = TransactionRow.swift; sourceTree = "<group>"; };
		6BFE0ECE29A2044900015639 /* Main.xcdatamodel */ = {isa = PBXFileReference; lastKnownFileType = wrapper.xcdatamodel; path = Main.xcdatamodel; sourceTree = "<group>"; };
		6BFE0ED029A2055C00015639 /* PersistenceController.swift */ = {isa = PBXFileReference; lastKnownFileType = sourcecode.swift; path = PersistenceController.swift; sourceTree = "<group>"; };
		6BFE0ED229A2366800015639 /* SomeTransaction.swift */ = {isa = PBXFileReference; lastKnownFileType = sourcecode.swift; path = SomeTransaction.swift; sourceTree = "<group>"; };
/* End PBXFileReference section */

/* Begin PBXFrameworksBuildPhase section */
		6BAF2888280FDDF3003B4599 /* Frameworks */ = {
			isa = PBXFrameworksBuildPhase;
			buildActionMask = 2147483647;
			files = (
			);
			runOnlyForDeploymentPostprocessing = 0;
		};
/* End PBXFrameworksBuildPhase section */

/* Begin PBXGroup section */
		6B1DAA07280FFB2100BD3091 /* Helpers */ = {
			isa = PBXGroup;
			children = (
				6B1DAA08280FFB3700BD3091 /* Helpers.swift */,
				6B4F29392812CF9100F3F8B5 /* KeyBoardHandler.swift */,
				6B4F293B2813D88900F3F8B5 /* CustomProgressView.swift */,
			);
			path = Helpers;
			sourceTree = "<group>";
		};
		6BAF2882280FDDF3003B4599 = {
			isa = PBXGroup;
			children = (
				6BAF288D280FDDF3003B4599 /* TransactionFetcherTwo */,
				6BAF288C280FDDF3003B4599 /* Products */,
			);
			sourceTree = "<group>";
		};
		6BAF288C280FDDF3003B4599 /* Products */ = {
			isa = PBXGroup;
			children = (
				6BAF288B280FDDF3003B4599 /* TransactionFetcherTwo.app */,
			);
			name = Products;
			sourceTree = "<group>";
		};
		6BAF288D280FDDF3003B4599 /* TransactionFetcherTwo */ = {
			isa = PBXGroup;
			children = (
				6BAF288E280FDDF3003B4599 /* TransactionFetcherTwoApp.swift */,
				6BFE0ECD29A2044900015639 /* Main.xcdatamodeld */,
				6BAF2890280FDDF3003B4599 /* ContentView.swift */,
				6BAF28AA280FE27A003B4599 /* Transaction View */,
				6BAF289F280FDE50003B4599 /* Entities */,
				6BAF289C280FDE50003B4599 /* Managers */,
				6B1DAA07280FFB2100BD3091 /* Helpers */,
				6B1DAA0C280FFE2000BD3091 /* Transactions.json */,
				6BAF2892280FDDF5003B4599 /* Assets.xcassets */,
				6BAF2894280FDDF5003B4599 /* Preview Content */,
				6BFE0ED029A2055C00015639 /* PersistenceController.swift */,
				6BFE0ED229A2366800015639 /* SomeTransaction.swift */,
			);
			path = TransactionFetcherTwo;
			sourceTree = "<group>";
		};
		6BAF2894280FDDF5003B4599 /* Preview Content */ = {
			isa = PBXGroup;
			children = (
				6BAF2895280FDDF5003B4599 /* Preview Assets.xcassets */,
			);
			path = "Preview Content";
			sourceTree = "<group>";
		};
		6BAF289C280FDE50003B4599 /* Managers */ = {
			isa = PBXGroup;
			children = (
				6BAF289D280FDE50003B4599 /* Network.swift */,
			);
			path = Managers;
			sourceTree = "<group>";
		};
		6BAF289F280FDE50003B4599 /* Entities */ = {
			isa = PBXGroup;
			children = (
				6BAF28A8280FE203003B4599 /* ModelData.swift */,
				6BAF28A1280FDE50003B4599 /* Transaction.swift */,
				6BAF28A0280FDE50003B4599 /* TransactionResponse.swift */,
			);
			path = Entities;
			sourceTree = "<group>";
		};
		6BAF28AA280FE27A003B4599 /* Transaction View */ = {
			isa = PBXGroup;
			children = (
				6BAF28AB280FE2AC003B4599 /* TransactionRow.swift */,
				6B1DAA05280FF02500BD3091 /* TransactionsList.swift */,
			);
			path = "Transaction View";
			sourceTree = "<group>";
		};
/* End PBXGroup section */

/* Begin PBXNativeTarget section */
		6BAF288A280FDDF3003B4599 /* TransactionFetcherTwo */ = {
			isa = PBXNativeTarget;
			buildConfigurationList = 6BAF2899280FDDF5003B4599 /* Build configuration list for PBXNativeTarget "TransactionFetcherTwo" */;
			buildPhases = (
				6BAF2887280FDDF3003B4599 /* Sources */,
				6BAF2888280FDDF3003B4599 /* Frameworks */,
				6BAF2889280FDDF3003B4599 /* Resources */,
			);
			buildRules = (
			);
			dependencies = (
			);
			name = TransactionFetcherTwo;
			productName = TransactionFetcherTwo;
			productReference = 6BAF288B280FDDF3003B4599 /* TransactionFetcherTwo.app */;
			productType = "com.apple.product-type.application";
		};
/* End PBXNativeTarget section */

/* Begin PBXProject section */
		6BAF2883280FDDF3003B4599 /* Project object */ = {
			isa = PBXProject;
			attributes = {
				BuildIndependentTargetsInParallel = 1;
				LastSwiftUpdateCheck = 1320;
				LastUpgradeCheck = 1320;
				TargetAttributes = {
					6BAF288A280FDDF3003B4599 = {
						CreatedOnToolsVersion = 13.2.1;
					};
				};
			};
			buildConfigurationList = 6BAF2886280FDDF3003B4599 /* Build configuration list for PBXProject "TransactionFetcherTwo" */;
			compatibilityVersion = "Xcode 13.0";
			developmentRegion = en;
			hasScannedForEncodings = 0;
			knownRegions = (
				en,
				Base,
			);
			mainGroup = 6BAF2882280FDDF3003B4599;
			productRefGroup = 6BAF288C280FDDF3003B4599 /* Products */;
			projectDirPath = "";
			projectRoot = "";
			targets = (
				6BAF288A280FDDF3003B4599 /* TransactionFetcherTwo */,
			);
		};
/* End PBXProject section */

/* Begin PBXResourcesBuildPhase section */
		6BAF2889280FDDF3003B4599 /* Resources */ = {
			isa = PBXResourcesBuildPhase;
			buildActionMask = 2147483647;
			files = (
				6BAF2896280FDDF5003B4599 /* Preview Assets.xcassets in Resources */,
				6BAF2893280FDDF5003B4599 /* Assets.xcassets in Resources */,
				6B1DAA0D280FFE2000BD3091 /* Transactions.json in Resources */,
			);
			runOnlyForDeploymentPostprocessing = 0;
		};
/* End PBXResourcesBuildPhase section */

/* Begin PBXSourcesBuildPhase section */
		6BAF2887280FDDF3003B4599 /* Sources */ = {
			isa = PBXSourcesBuildPhase;
			buildActionMask = 2147483647;
			files = (
				6BAF28A4280FDE50003B4599 /* TransactionResponse.swift in Sources */,
				6B4F293C2813D88900F3F8B5 /* CustomProgressView.swift in Sources */,
				6BAF28A5280FDE50003B4599 /* Transaction.swift in Sources */,
				6B1DAA09280FFB3700BD3091 /* Helpers.swift in Sources */,
				6BFE0ED329A2366800015639 /* SomeTransaction.swift in Sources */,
				6BAF2891280FDDF3003B4599 /* ContentView.swift in Sources */,
				6BAF288F280FDDF3003B4599 /* TransactionFetcherTwoApp.swift in Sources */,
				6BFE0ECF29A2044900015639 /* Main.xcdatamodeld in Sources */,
				6BAF28AC280FE2AC003B4599 /* TransactionRow.swift in Sources */,
				6BAF28A2280FDE50003B4599 /* Network.swift in Sources */,
				6B4F293A2812CF9100F3F8B5 /* KeyBoardHandler.swift in Sources */,
				6BFE0ED129A2055C00015639 /* PersistenceController.swift in Sources */,
				6BAF28A9280FE203003B4599 /* ModelData.swift in Sources */,
				6B1DAA06280FF02500BD3091 /* TransactionsList.swift in Sources */,
			);
			runOnlyForDeploymentPostprocessing = 0;
		};
/* End PBXSourcesBuildPhase section */

/* Begin XCBuildConfiguration section */
		6BAF2897280FDDF5003B4599 /* Debug */ = {
			isa = XCBuildConfiguration;
			buildSettings = {
				ALWAYS_SEARCH_USER_PATHS = NO;
				CLANG_ANALYZER_NONNULL = YES;
				CLANG_ANALYZER_NUMBER_OBJECT_CONVERSION = YES_AGGRESSIVE;
				CLANG_CXX_LANGUAGE_STANDARD = "gnu++17";
				CLANG_CXX_LIBRARY = "libc++";
				CLANG_ENABLE_MODULES = YES;
				CLANG_ENABLE_OBJC_ARC = YES;
				CLANG_ENABLE_OBJC_WEAK = YES;
				CLANG_WARN_BLOCK_CAPTURE_AUTORELEASING = YES;
				CLANG_WARN_BOOL_CONVERSION = YES;
				CLANG_WARN_COMMA = YES;
				CLANG_WARN_CONSTANT_CONVERSION = YES;
				CLANG_WARN_DEPRECATED_OBJC_IMPLEMENTATIONS = YES;
				CLANG_WARN_DIRECT_OBJC_ISA_USAGE = YES_ERROR;
				CLANG_WARN_DOCUMENTATION_COMMENTS = YES;
				CLANG_WARN_EMPTY_BODY = YES;
				CLANG_WARN_ENUM_CONVERSION = YES;
				CLANG_WARN_INFINITE_RECURSION = YES;
				CLANG_WARN_INT_CONVERSION = YES;
				CLANG_WARN_NON_LITERAL_NULL_CONVERSION = YES;
				CLANG_WARN_OBJC_IMPLICIT_RETAIN_SELF = YES;
				CLANG_WARN_OBJC_LITERAL_CONVERSION = YES;
				CLANG_WARN_OBJC_ROOT_CLASS = YES_ERROR;
				CLANG_WARN_QUOTED_INCLUDE_IN_FRAMEWORK_HEADER = YES;
				CLANG_WARN_RANGE_LOOP_ANALYSIS = YES;
				CLANG_WARN_STRICT_PROTOTYPES = YES;
				CLANG_WARN_SUSPICIOUS_MOVE = YES;
				CLANG_WARN_UNGUARDED_AVAILABILITY = YES_AGGRESSIVE;
				CLANG_WARN_UNREACHABLE_CODE = YES;
				CLANG_WARN__DUPLICATE_METHOD_MATCH = YES;
				COPY_PHASE_STRIP = NO;
				DEBUG_INFORMATION_FORMAT = dwarf;
				ENABLE_STRICT_OBJC_MSGSEND = YES;
				ENABLE_TESTABILITY = YES;
				GCC_C_LANGUAGE_STANDARD = gnu11;
				GCC_DYNAMIC_NO_PIC = NO;
				GCC_NO_COMMON_BLOCKS = YES;
				GCC_OPTIMIZATION_LEVEL = 0;
				GCC_PREPROCESSOR_DEFINITIONS = (
					"DEBUG=1",
					"$(inherited)",
				);
				GCC_WARN_64_TO_32_BIT_CONVERSION = YES;
				GCC_WARN_ABOUT_RETURN_TYPE = YES_ERROR;
				GCC_WARN_UNDECLARED_SELECTOR = YES;
				GCC_WARN_UNINITIALIZED_AUTOS = YES_AGGRESSIVE;
				GCC_WARN_UNUSED_FUNCTION = YES;
				GCC_WARN_UNUSED_VARIABLE = YES;
				IPHONEOS_DEPLOYMENT_TARGET = 15.2;
				MTL_ENABLE_DEBUG_INFO = INCLUDE_SOURCE;
				MTL_FAST_MATH = YES;
				ONLY_ACTIVE_ARCH = YES;
				SDKROOT = iphoneos;
				SWIFT_ACTIVE_COMPILATION_CONDITIONS = DEBUG;
				SWIFT_OPTIMIZATION_LEVEL = "-Onone";
			};
			name = Debug;
		};
		6BAF2898280FDDF5003B4599 /* Release */ = {
			isa = XCBuildConfiguration;
			buildSettings = {
				ALWAYS_SEARCH_USER_PATHS = NO;
				CLANG_ANALYZER_NONNULL = YES;
				CLANG_ANALYZER_NUMBER_OBJECT_CONVERSION = YES_AGGRESSIVE;
				CLANG_CXX_LANGUAGE_STANDARD = "gnu++17";
				CLANG_CXX_LIBRARY = "libc++";
				CLANG_ENABLE_MODULES = YES;
				CLANG_ENABLE_OBJC_ARC = YES;
				CLANG_ENABLE_OBJC_WEAK = YES;
				CLANG_WARN_BLOCK_CAPTURE_AUTORELEASING = YES;
				CLANG_WARN_BOOL_CONVERSION = YES;
				CLANG_WARN_COMMA = YES;
				CLANG_WARN_CONSTANT_CONVERSION = YES;
				CLANG_WARN_DEPRECATED_OBJC_IMPLEMENTATIONS = YES;
				CLANG_WARN_DIRECT_OBJC_ISA_USAGE = YES_ERROR;
				CLANG_WARN_DOCUMENTATION_COMMENTS = YES;
				CLANG_WARN_EMPTY_BODY = YES;
				CLANG_WARN_ENUM_CONVERSION = YES;
				CLANG_WARN_INFINITE_RECURSION = YES;
				CLANG_WARN_INT_CONVERSION = YES;
				CLANG_WARN_NON_LITERAL_NULL_CONVERSION = YES;
				CLANG_WARN_OBJC_IMPLICIT_RETAIN_SELF = YES;
				CLANG_WARN_OBJC_LITERAL_CONVERSION = YES;
				CLANG_WARN_OBJC_ROOT_CLASS = YES_ERROR;
				CLANG_WARN_QUOTED_INCLUDE_IN_FRAMEWORK_HEADER = YES;
				CLANG_WARN_RANGE_LOOP_ANALYSIS = YES;
				CLANG_WARN_STRICT_PROTOTYPES = YES;
				CLANG_WARN_SUSPICIOUS_MOVE = YES;
				CLANG_WARN_UNGUARDED_AVAILABILITY = YES_AGGRESSIVE;
				CLANG_WARN_UNREACHABLE_CODE = YES;
				CLANG_WARN__DUPLICATE_METHOD_MATCH = YES;
				COPY_PHASE_STRIP = NO;
				DEBUG_INFORMATION_FORMAT = "dwarf-with-dsym";
				ENABLE_NS_ASSERTIONS = NO;
				ENABLE_STRICT_OBJC_MSGSEND = YES;
				GCC_C_LANGUAGE_STANDARD = gnu11;
				GCC_NO_COMMON_BLOCKS = YES;
				GCC_WARN_64_TO_32_BIT_CONVERSION = YES;
				GCC_WARN_ABOUT_RETURN_TYPE = YES_ERROR;
				GCC_WARN_UNDECLARED_SELECTOR = YES;
				GCC_WARN_UNINITIALIZED_AUTOS = YES_AGGRESSIVE;
				GCC_WARN_UNUSED_FUNCTION = YES;
				GCC_WARN_UNUSED_VARIABLE = YES;
				IPHONEOS_DEPLOYMENT_TARGET = 15.2;
				MTL_ENABLE_DEBUG_INFO = NO;
				MTL_FAST_MATH = YES;
				SDKROOT = iphoneos;
				SWIFT_COMPILATION_MODE = wholemodule;
				SWIFT_OPTIMIZATION_LEVEL = "-O";
				VALIDATE_PRODUCT = YES;
			};
			name = Release;
		};
		6BAF289A280FDDF5003B4599 /* Debug */ = {
			isa = XCBuildConfiguration;
			buildSettings = {
				ASSETCATALOG_COMPILER_APPICON_NAME = AppIcon;
				ASSETCATALOG_COMPILER_GLOBAL_ACCENT_COLOR_NAME = AccentColor;
				CODE_SIGN_STYLE = Automatic;
				CURRENT_PROJECT_VERSION = 1;
				DEVELOPMENT_ASSET_PATHS = "\"TransactionFetcherTwo/Preview Content\"";
				DEVELOPMENT_TEAM = K969727JC6;
				ENABLE_PREVIEWS = YES;
				GENERATE_INFOPLIST_FILE = YES;
				INFOPLIST_KEY_UIApplicationSceneManifest_Generation = YES;
				INFOPLIST_KEY_UIApplicationSupportsIndirectInputEvents = YES;
				INFOPLIST_KEY_UILaunchScreen_Generation = YES;
				INFOPLIST_KEY_UISupportedInterfaceOrientations_iPad = "UIInterfaceOrientationPortrait UIInterfaceOrientationPortraitUpsideDown UIInterfaceOrientationLandscapeLeft UIInterfaceOrientationLandscapeRight";
				INFOPLIST_KEY_UISupportedInterfaceOrientations_iPhone = "UIInterfaceOrientationPortrait UIInterfaceOrientationLandscapeLeft UIInterfaceOrientationLandscapeRight";
				LD_RUNPATH_SEARCH_PATHS = (
					"$(inherited)",
					"@executable_path/Frameworks",
				);
				MARKETING_VERSION = 1.0;
				PRODUCT_BUNDLE_IDENTIFIER = Chain.TransactionFetcherTwo;
				PRODUCT_NAME = "$(TARGET_NAME)";
				SWIFT_EMIT_LOC_STRINGS = YES;
				SWIFT_VERSION = 5.0;
				TARGETED_DEVICE_FAMILY = "1,2";
			};
			name = Debug;
		};
		6BAF289B280FDDF5003B4599 /* Release */ = {
			isa = XCBuildConfiguration;
			buildSettings = {
				ASSETCATALOG_COMPILER_APPICON_NAME = AppIcon;
				ASSETCATALOG_COMPILER_GLOBAL_ACCENT_COLOR_NAME = AccentColor;
				CODE_SIGN_STYLE = Automatic;
				CURRENT_PROJECT_VERSION = 1;
				DEVELOPMENT_ASSET_PATHS = "\"TransactionFetcherTwo/Preview Content\"";
				DEVELOPMENT_TEAM = K969727JC6;
				ENABLE_PREVIEWS = YES;
				GENERATE_INFOPLIST_FILE = YES;
				INFOPLIST_KEY_UIApplicationSceneManifest_Generation = YES;
				INFOPLIST_KEY_UIApplicationSupportsIndirectInputEvents = YES;
				INFOPLIST_KEY_UILaunchScreen_Generation = YES;
				INFOPLIST_KEY_UISupportedInterfaceOrientations_iPad = "UIInterfaceOrientationPortrait UIInterfaceOrientationPortraitUpsideDown UIInterfaceOrientationLandscapeLeft UIInterfaceOrientationLandscapeRight";
				INFOPLIST_KEY_UISupportedInterfaceOrientations_iPhone = "UIInterfaceOrientationPortrait UIInterfaceOrientationLandscapeLeft UIInterfaceOrientationLandscapeRight";
				LD_RUNPATH_SEARCH_PATHS = (
					"$(inherited)",
					"@executable_path/Frameworks",
				);
				MARKETING_VERSION = 1.0;
				PRODUCT_BUNDLE_IDENTIFIER = Chain.TransactionFetcherTwo;
				PRODUCT_NAME = "$(TARGET_NAME)";
				SWIFT_EMIT_LOC_STRINGS = YES;
				SWIFT_VERSION = 5.0;
				TARGETED_DEVICE_FAMILY = "1,2";
			};
			name = Release;
		};
/* End XCBuildConfiguration section */

/* Begin XCConfigurationList section */
		6BAF2886280FDDF3003B4599 /* Build configuration list for PBXProject "TransactionFetcherTwo" */ = {
			isa = XCConfigurationList;
			buildConfigurations = (
				6BAF2897280FDDF5003B4599 /* Debug */,
				6BAF2898280FDDF5003B4599 /* Release */,
			);
			defaultConfigurationIsVisible = 0;
			defaultConfigurationName = Release;
		};
		6BAF2899280FDDF5003B4599 /* Build configuration list for PBXNativeTarget "TransactionFetcherTwo" */ = {
			isa = XCConfigurationList;
			buildConfigurations = (
				6BAF289A280FDDF5003B4599 /* Debug */,
				6BAF289B280FDDF5003B4599 /* Release */,
			);
			defaultConfigurationIsVisible = 0;
			defaultConfigurationName = Release;
		};
/* End XCConfigurationList section */

/* Begin XCVersionGroup section */
		6BFE0ECD29A2044900015639 /* Main.xcdatamodeld */ = {
			isa = XCVersionGroup;
			children = (
				6BFE0ECE29A2044900015639 /* Main.xcdatamodel */,
			);
			currentVersion = 6BFE0ECE29A2044900015639 /* Main.xcdatamodel */;
			path = Main.xcdatamodeld;
			sourceTree = "<group>";
			versionGroupType = wrapper.xcdatamodel;
		};
/* End XCVersionGroup section */
	};
	rootObject = 6BAF2883280FDDF3003B4599 /* Project object */;
}
